// !$*UTF8*$!
{
	archiveVersion = 1;
	classes = {
	};
	objectVersion = 46;
	objects = {

/* Begin PBXBuildFile section */
		D43C73A41DE4008C0042D230 /* CircularProgress.swift in Sources */ = {isa = PBXBuildFile; fileRef = D43C73A31DE4008C0042D230 /* CircularProgress.swift */; };
		D4538AD61DE3F78300C627D4 /* AppDelegate.swift in Sources */ = {isa = PBXBuildFile; fileRef = D4538AD51DE3F78300C627D4 /* AppDelegate.swift */; };
		D4538AD81DE3F78300C627D4 /* ViewController.swift in Sources */ = {isa = PBXBuildFile; fileRef = D4538AD71DE3F78300C627D4 /* ViewController.swift */; };
		D4538ADB1DE3F78300C627D4 /* Main.storyboard in Resources */ = {isa = PBXBuildFile; fileRef = D4538AD91DE3F78300C627D4 /* Main.storyboard */; };
		D4538ADD1DE3F78300C627D4 /* Assets.xcassets in Resources */ = {isa = PBXBuildFile; fileRef = D4538ADC1DE3F78300C627D4 /* Assets.xcassets */; };
		D4538AE01DE3F78300C627D4 /* LaunchScreen.storyboard in Resources */ = {isa = PBXBuildFile; fileRef = D4538ADE1DE3F78300C627D4 /* LaunchScreen.storyboard */; };
/* End PBXBuildFile section */

/* Begin PBXFileReference section */
		D43C73A31DE4008C0042D230 /* CircularProgress.swift */ = {isa = PBXFileReference; fileEncoding = 4; lastKnownFileType = sourcecode.swift; path = CircularProgress.swift; sourceTree = "<group>"; };
		D4538AD21DE3F78300C627D4 /* Demo.app */ = {isa = PBXFileReference; explicitFileType = wrapper.application; includeInIndex = 0; path = Demo.app; sourceTree = BUILT_PRODUCTS_DIR; };
		D4538AD51DE3F78300C627D4 /* AppDelegate.swift */ = {isa = PBXFileReference; lastKnownFileType = sourcecode.swift; path = AppDelegate.swift; sourceTree = "<group>"; };
		D4538AD71DE3F78300C627D4 /* ViewController.swift */ = {isa = PBXFileReference; lastKnownFileType = sourcecode.swift; path = ViewController.swift; sourceTree = "<group>"; };
		D4538ADA1DE3F78300C627D4 /* Base */ = {isa = PBXFileReference; lastKnownFileType = file.storyboard; name = Base; path = Base.lproj/Main.storyboard; sourceTree = "<group>"; };
		D4538ADC1DE3F78300C627D4 /* Assets.xcassets */ = {isa = PBXFileReference; lastKnownFileType = folder.assetcatalog; path = Assets.xcassets; sourceTree = "<group>"; };
		D4538ADF1DE3F78300C627D4 /* Base */ = {isa = PBXFileReference; lastKnownFileType = file.storyboard; name = Base; path = Base.lproj/LaunchScreen.storyboard; sourceTree = "<group>"; };
		D4538AE11DE3F78300C627D4 /* Info.plist */ = {isa = PBXFileReference; lastKnownFileType = text.plist.xml; path = Info.plist; sourceTree = "<group>"; };
/* End PBXFileReference section */

/* Begin PBXFrameworksBuildPhase section */
		D4538ACF1DE3F78300C627D4 /* Frameworks */ = {
			isa = PBXFrameworksBuildPhase;
			buildActionMask = 2147483647;
			files = (
			);
			runOnlyForDeploymentPostprocessing = 0;
		};
/* End PBXFrameworksBuildPhase section */

/* Begin PBXGroup section */
		D4538AC91DE3F78300C627D4 = {
			isa = PBXGroup;
			children = (
				D4538AD41DE3F78300C627D4 /* Demo */,
				D4538AD31DE3F78300C627D4 /* Products */,
			);
			sourceTree = "<group>";
		};
		D4538AD31DE3F78300C627D4 /* Products */ = {
			isa = PBXGroup;
			children = (
				D4538AD21DE3F78300C627D4 /* Demo.app */,
			);
			name = Products;
			sourceTree = "<group>";
		};
		D4538AD41DE3F78300C627D4 /* Demo */ = {
			isa = PBXGroup;
			children = (
				D43C73A31DE4008C0042D230 /* CircularProgress.swift */,
				D4538AD51DE3F78300C627D4 /* AppDelegate.swift */,
				D4538AD71DE3F78300C627D4 /* ViewController.swift */,
				D4538AD91DE3F78300C627D4 /* Main.storyboard */,
				D4538ADC1DE3F78300C627D4 /* Assets.xcassets */,
				D4538ADE1DE3F78300C627D4 /* LaunchScreen.storyboard */,
				D4538AE11DE3F78300C627D4 /* Info.plist */,
			);
			path = Demo;
			sourceTree = "<group>";
		};
/* End PBXGroup section */

/* Begin PBXNativeTarget section */
		D4538AD11DE3F78300C627D4 /* Demo */ = {
			isa = PBXNativeTarget;
			buildConfigurationList = D4538AE41DE3F78300C627D4 /* Build configuration list for PBXNativeTarget "Demo" */;
			buildPhases = (
				D4538ACE1DE3F78300C627D4 /* Sources */,
				D4538ACF1DE3F78300C627D4 /* Frameworks */,
				D4538AD01DE3F78300C627D4 /* Resources */,
			);
			buildRules = (
			);
			dependencies = (
			);
			name = Demo;
			productName = Demo;
			productReference = D4538AD21DE3F78300C627D4 /* Demo.app */;
			productType = "com.apple.product-type.application";
		};
/* End PBXNativeTarget section */

/* Begin PBXProject section */
		D4538ACA1DE3F78300C627D4 /* Project object */ = {
			isa = PBXProject;
			attributes = {
				LastSwiftUpdateCheck = 0810;
				LastUpgradeCheck = 0810;
				ORGANIZATIONNAME = DaveTech;
				TargetAttributes = {
					D4538AD11DE3F78300C627D4 = {
						CreatedOnToolsVersion = 8.1;
						DevelopmentTeam = 7FF4CG4UK2;
						ProvisioningStyle = Automatic;
					};
				};
			};
			buildConfigurationList = D4538ACD1DE3F78300C627D4 /* Build configuration list for PBXProject "Demo" */;
			compatibilityVersion = "Xcode 3.2";
			developmentRegion = English;
			hasScannedForEncodings = 0;
			knownRegions = (
				en,
				Base,
			);
			mainGroup = D4538AC91DE3F78300C627D4;
			productRefGroup = D4538AD31DE3F78300C627D4 /* Products */;
			projectDirPath = "";
			projectRoot = "";
			targets = (
				D4538AD11DE3F78300C627D4 /* Demo */,
			);
		};
/* End PBXProject section */

/* Begin PBXResourcesBuildPhase section */
		D4538AD01DE3F78300C627D4 /* Resources */ = {
			isa = PBXResourcesBuildPhase;
			buildActionMask = 2147483647;
			files = (
				D4538AE01DE3F78300C627D4 /* LaunchScreen.storyboard in Resources */,
				D4538ADD1DE3F78300C627D4 /* Assets.xcassets in Resources */,
				D4538ADB1DE3F78300C627D4 /* Main.storyboard in Resources */,
			);
			runOnlyForDeploymentPostprocessing = 0;
		};
/* End PBXResourcesBuildPhase section */

/* Begin PBXSourcesBuildPhase section */
		D4538ACE1DE3F78300C627D4 /* Sources */ = {
			isa = PBXSourcesBuildPhase;
			buildActionMask = 2147483647;
			files = (
				D4538AD81DE3F78300C627D4 /* ViewController.swift in Sources */,
				D43C73A41DE4008C0042D230 /* CircularProgress.swift in Sources */,
				D4538AD61DE3F78300C627D4 /* AppDelegate.swift in Sources */,
			);
			runOnlyForDeploymentPostprocessing = 0;
		};
/* End PBXSourcesBuildPhase section */

/* Begin PBXVariantGroup section */
		D4538AD91DE3F78300C627D4 /* Main.storyboard */ = {
			isa = PBXVariantGroup;
			children = (
				D4538ADA1DE3F78300C627D4 /* Base */,
			);
			name = Main.storyboard;
			sourceTree = "<group>";
		};
		D4538ADE1DE3F78300C627D4 /* LaunchScreen.storyboard */ = {
			isa = PBXVariantGroup;
			children = (
				D4538ADF1DE3F78300C627D4 /* Base */,
			);
			name = LaunchScreen.storyboard;
			sourceTree = "<group>";
		};
/* End PBXVariantGroup section */

/* Begin XCBuildConfiguration section */
		D4538AE21DE3F78300C627D4 /* Debug */ = {
			isa = XCBuildConfiguration;
			buildSettings = {
				ALWAYS_SEARCH_USER_PATHS = NO;
				CLANG_ANALYZER_NONNULL = YES;
				CLANG_CXX_LANGUAGE_STANDARD = "gnu++0x";
				CLANG_CXX_LIBRARY = "libc++";
				CLANG_ENABLE_MODULES = YES;
				CLANG_ENABLE_OBJC_ARC = YES;
				CLANG_WARN_BOOL_CONVERSION = YES;
				CLANG_WARN_CONSTANT_CONVERSION = YES;
				CLANG_WARN_DIRECT_OBJC_ISA_USAGE = YES_ERROR;
				CLANG_WARN_DOCUMENTATION_COMMENTS = YES;
				CLANG_WARN_EMPTY_BODY = YES;
				CLANG_WARN_ENUM_CONVERSION = YES;
				CLANG_WARN_INFINITE_RECURSION = YES;
				CLANG_WARN_INT_CONVERSION = YES;
				CLANG_WARN_OBJC_ROOT_CLASS = YES_ERROR;
				CLANG_WARN_SUSPICIOUS_MOVES = YES;
				CLANG_WARN_UNREACHABLE_CODE = YES;
				CLANG_WARN__DUPLICATE_METHOD_MATCH = YES;
				"CODE_SIGN_IDENTITY[sdk=iphoneos*]" = "iPhone Developer";
				COPY_PHASE_STRIP = NO;
				DEBUG_INFORMATION_FORMAT = dwarf;
				ENABLE_STRICT_OBJC_MSGSEND = YES;
				ENABLE_TESTABILITY = YES;
				GCC_C_LANGUAGE_STANDARD = gnu99;
				GCC_DYNAMIC_NO_PIC = NO;
				GCC_NO_COMMON_BLOCKS = YES;
				GCC_OPTIMIZATION_LEVEL = 0;
				GCC_PREPROCESSOR_DEFINITIONS = (
					"DEBUG=1",
					"$(inherited)",
				);
				GCC_WARN_64_TO_32_BIT_CONVERSION = YES;
				GCC_WARN_ABOUT_RETURN_TYPE = YES_ERROR;
				GCC_WARN_UNDECLARED_SELECTOR = YES;
				GCC_WARN_UNINITIALIZED_AUTOS = YES_AGGRESSIVE;
				GCC_WARN_UNUSED_FUNCTION = YES;
				GCC_WARN_UNUSED_VARIABLE = YES;
				IPHONEOS_DEPLOYMENT_TARGET = 10.1;
				MTL_ENABLE_DEBUG_INFO = YES;
				ONLY_ACTIVE_ARCH = YES;
				SDKROOT = iphoneos;
				SWIFT_ACTIVE_COMPILATION_CONDITIONS = DEBUG;
				SWIFT_OPTIMIZATION_LEVEL = "-Onone";
				TARGETED_DEVICE_FAMILY = "1,2";
			};
			name = Debug;
		};
		D4538AE31DE3F78300C627D4 /* Release */ = {
			isa = XCBuildConfiguration;
			buildSettings = {
				ALWAYS_SEARCH_USER_PATHS = NO;
				CLANG_ANALYZER_NONNULL = YES;
				CLANG_CXX_LANGUAGE_STANDARD = "gnu++0x";
				CLANG_CXX_LIBRARY = "libc++";
				CLANG_ENABLE_MODULES = YES;
				CLANG_ENABLE_OBJC_ARC = YES;
				CLANG_WARN_BOOL_CONVERSION = YES;
				CLANG_WARN_CONSTANT_CONVERSION = YES;
				CLANG_WARN_DIRECT_OBJC_ISA_USAGE = YES_ERROR;
				CLANG_WARN_DOCUMENTATION_COMMENTS = YES;
				CLANG_WARN_EMPTY_BODY = YES;
				CLANG_WARN_ENUM_CONVERSION = YES;
				CLANG_WARN_INFINITE_RECURSION = YES;
				CLANG_WARN_INT_CONVERSION = YES;
				CLANG_WARN_OBJC_ROOT_CLASS = YES_ERROR;
				CLANG_WARN_SUSPICIOUS_MOVES = YES;
				CLANG_WARN_UNREACHABLE_CODE = YES;
				CLANG_WARN__DUPLICATE_METHOD_MATCH = YES;
				"CODE_SIGN_IDENTITY[sdk=iphoneos*]" = "iPhone Developer";
				COPY_PHASE_STRIP = NO;
				DEBUG_INFORMATION_FORMAT = "dwarf-with-dsym";
				ENABLE_NS_ASSERTIONS = NO;
				ENABLE_STRICT_OBJC_MSGSEND = YES;
				GCC_C_LANGUAGE_STANDARD = gnu99;
				GCC_NO_COMMON_BLOCKS = YES;
				GCC_WARN_64_TO_32_BIT_CONVERSION = YES;
				GCC_WARN_ABOUT_RETURN_TYPE = YES_ERROR;
				GCC_WARN_UNDECLARED_SELECTOR = YES;
				GCC_WARN_UNINITIALIZED_AUTOS = YES_AGGRESSIVE;
				GCC_WARN_UNUSED_FUNCTION = YES;
				GCC_WARN_UNUSED_VARIABLE = YES;
				IPHONEOS_DEPLOYMENT_TARGET = 10.1;
				MTL_ENABLE_DEBUG_INFO = NO;
				SDKROOT = iphoneos;
				SWIFT_OPTIMIZATION_LEVEL = "-Owholemodule";
				TARGETED_DEVICE_FAMILY = "1,2";
				VALIDATE_PRODUCT = YES;
			};
			name = Release;
		};
		D4538AE51DE3F78300C627D4 /* Debug */ = {
			isa = XCBuildConfiguration;
			buildSettings = {
				ASSETCATALOG_COMPILER_APPICON_NAME = AppIcon;
				DEVELOPMENT_TEAM = 7FF4CG4UK2;
				INFOPLIST_FILE = Demo/Info.plist;
				LD_RUNPATH_SEARCH_PATHS = "$(inherited) @executable_path/Frameworks";
				PRODUCT_BUNDLE_IDENTIFIER = "--.Demo";
				PRODUCT_NAME = "$(TARGET_NAME)";
				SWIFT_VERSION = 3.0;
			};
			name = Debug;
		};
		D4538AE61DE3F78300C627D4 /* Release */ = {
			isa = XCBuildConfiguration;
			buildSettings = {
				ASSETCATALOG_COMPILER_APPICON_NAME = AppIcon;
				DEVELOPMENT_TEAM = 7FF4CG4UK2;
				INFOPLIST_FILE = Demo/Info.plist;
				LD_RUNPATH_SEARCH_PATHS = "$(inherited) @executable_path/Frameworks";
				PRODUCT_BUNDLE_IDENTIFIER = "--.Demo";
				PRODUCT_NAME = "$(TARGET_NAME)";
				SWIFT_VERSION = 3.0;
			};
			name = Release;
		};
/* End XCBuildConfiguration section */

/* Begin XCConfigurationList section */
		D4538ACD1DE3F78300C627D4 /* Build configuration list for PBXProject "Demo" */ = {
			isa = XCConfigurationList;
			buildConfigurations = (
				D4538AE21DE3F78300C627D4 /* Debug */,
				D4538AE31DE3F78300C627D4 /* Release */,
			);
			defaultConfigurationIsVisible = 0;
			defaultConfigurationName = Release;
		};
		D4538AE41DE3F78300C627D4 /* Build configuration list for PBXNativeTarget "Demo" */ = {
			isa = XCConfigurationList;
			buildConfigurations = (
				D4538AE51DE3F78300C627D4 /* Debug */,
				D4538AE61DE3F78300C627D4 /* Release */,
			);
			defaultConfigurationIsVisible = 0;
			defaultConfigurationName = Release;
		};
/* End XCConfigurationList section */
	};
	rootObject = D4538ACA1DE3F78300C627D4 /* Project object */;
}
